Microsoft Visual Studio Solution File, Format Version 12.00
# Visual Studio Version 17
VisualStudioVersion = 17.12.35521.163
MinimumVisualStudioVersion = 10.0.40219.1
Project("{2150E333-8FDC-42A3-9474-1A3956D46DE8}") = "Solution Items", "Solution Items", "{58896F8C-E014-4246-83F0-0CFEB4EF609B}"
	ProjectSection(SolutionItems) = preProject
		.csharpierrc.json = .csharpierrc.json
		.gitattributes = .gitattributes
		.gitignore = .gitignore
		azure.yaml = azure.yaml
		.config\dotnet-tools.json = .config\dotnet-tools.json
		global.json = global.json
		LICENSE.txt = LICENSE.txt
		.github\workflows\main.yml = .github\workflows\main.yml
		.github\workflows\preview.yml = .github\workflows\preview.yml
		README.md = README.md
	EndProjectSection
EndProject
Project("{2150E333-8FDC-42A3-9474-1A3956D46DE8}") = "src", "src", "{988DDD7E-C062-4062-8CEF-030494554B31}"
EndProject
Project("{FAE04EC0-301F-11D3-BF4B-00C04F79EFBC}") = "Halcyon.Api", "src\Halcyon.Api\Halcyon.Api.csproj", "{BE2EDA4F-38C6-4486-B0CD-9766560A84DD}"
EndProject
Project("{FAE04EC0-301F-11D3-BF4B-00C04F79EFBC}") = "Halcyon.AppHost", "src\Halcyon.AppHost\Halcyon.AppHost.csproj", "{0C36EBC2-3E43-4F20-BFB7-4A8C8FB4A026}"
EndProject
Project("{FAE04EC0-301F-11D3-BF4B-00C04F79EFBC}") = "Halcyon.ServiceDefaults", "src\Halcyon.ServiceDefaults\Halcyon.ServiceDefaults.csproj", "{52DFA8CE-448B-4552-9481-A8D867D1B8A8}"
EndProject
Project("{54A90642-561A-4BB1-A94E-469ADEE60C69}") = "Halcyon.Web", "src\Halcyon.Web\Halcyon.Web.esproj", "{9AFC3BDE-93C2-4DAB-B9AD-38A0367E474A}"
EndProject
Global
	GlobalSection(SolutionConfigurationPlatforms) = preSolution
		Debug|Any CPU = Debug|Any CPU
		Release|Any CPU = Release|Any CPU
	EndGlobalSection
	GlobalSection(ProjectConfigurationPlatforms) = postSolution
		{BE2EDA4F-38C6-4486-B0CD-9766560A84DD}.Debug|Any CPU.ActiveCfg = Debug|Any CPU
		{BE2EDA4F-38C6-4486-B0CD-9766560A84DD}.Debug|Any CPU.Build.0 = Debug|Any CPU
		{BE2EDA4F-38C6-4486-B0CD-9766560A84DD}.Release|Any CPU.ActiveCfg = Release|Any CPU
		{BE2EDA4F-38C6-4486-B0CD-9766560A84DD}.Release|Any CPU.Build.0 = Release|Any CPU
		{0C36EBC2-3E43-4F20-BFB7-4A8C8FB4A026}.Debug|Any CPU.ActiveCfg = Debug|Any CPU
		{0C36EBC2-3E43-4F20-BFB7-4A8C8FB4A026}.Debug|Any CPU.Build.0 = Debug|Any CPU
		{0C36EBC2-3E43-4F20-BFB7-4A8C8FB4A026}.Release|Any CPU.ActiveCfg = Release|Any CPU
		{0C36EBC2-3E43-4F20-BFB7-4A8C8FB4A026}.Release|Any CPU.Build.0 = Release|Any CPU
		{52DFA8CE-448B-4552-9481-A8D867D1B8A8}.Debug|Any CPU.ActiveCfg = Debug|Any CPU
		{52DFA8CE-448B-4552-9481-A8D867D1B8A8}.Debug|Any CPU.Build.0 = Debug|Any CPU
		{52DFA8CE-448B-4552-9481-A8D867D1B8A8}.Release|Any CPU.ActiveCfg = Release|Any CPU
		{52DFA8CE-448B-4552-9481-A8D867D1B8A8}.Release|Any CPU.Build.0 = Release|Any CPU
		{9AFC3BDE-93C2-4DAB-B9AD-38A0367E474A}.Debug|Any CPU.ActiveCfg = Debug|Any CPU
		{9AFC3BDE-93C2-4DAB-B9AD-38A0367E474A}.Debug|Any CPU.Build.0 = Debug|Any CPU
		{9AFC3BDE-93C2-4DAB-B9AD-38A0367E474A}.Debug|Any CPU.Deploy.0 = Debug|Any CPU
		{9AFC3BDE-93C2-4DAB-B9AD-38A0367E474A}.Release|Any CPU.ActiveCfg = Release|Any CPU
		{9AFC3BDE-93C2-4DAB-B9AD-38A0367E474A}.Release|Any CPU.Build.0 = Release|Any CPU
		{9AFC3BDE-93C2-4DAB-B9AD-38A0367E474A}.Release|Any CPU.Deploy.0 = Release|Any CPU
	EndGlobalSection
	GlobalSection(SolutionProperties) = preSolution
		HideSolutionNode = FALSE
	EndGlobalSection
	GlobalSection(NestedProjects) = preSolution
		{BE2EDA4F-38C6-4486-B0CD-9766560A84DD} = {988DDD7E-C062-4062-8CEF-030494554B31}
		{0C36EBC2-3E43-4F20-BFB7-4A8C8FB4A026} = {988DDD7E-C062-4062-8CEF-030494554B31}
		{52DFA8CE-448B-4552-9481-A8D867D1B8A8} = {988DDD7E-C062-4062-8CEF-030494554B31}
		{9AFC3BDE-93C2-4DAB-B9AD-38A0367E474A} = {988DDD7E-C062-4062-8CEF-030494554B31}
	EndGlobalSection
EndGlobal
