
Microsoft Visual Studio Solution File, Format Version 12.00
# Visual Studio Version 17
VisualStudioVersion = 17.0.31912.275
MinimumVisualStudioVersion = 10.0.40219.1
Project("{2150E333-8FDC-42A3-9474-1A3956D46DE8}") = "Solution Items", "Solution Items", "{62A0DCB9-F97D-48C8-964B-792D12FF324E}"
	ProjectSection(SolutionItems) = preProject
		.csharpierrc.json = .csharpierrc.json
		.dockerignore = .dockerignore
		.gitattributes = .gitattributes
		.gitignore = .gitignore
		.config\dotnet-tools.json = .config\dotnet-tools.json
		global.json = global.json
		LICENSE = LICENSE
		.github\workflows\main.yml = .github\workflows\main.yml
		.github\workflows\preview.yml = .github\workflows\preview.yml
		README.md = README.md
	EndProjectSection
EndProject
Project("{E53339B2-1760-4266-BCC7-CA923CBCF16C}") = "docker-compose", "docker-compose.dcproj", "{CD9D3714-7963-4C74-A6D5-F9138E669A14}"
EndProject
Project("{FAE04EC0-301F-11D3-BF4B-00C04F79EFBC}") = "Halcyon.Api", "Halcyon.Api\Halcyon.Api.csproj", "{D87719B2-7803-4973-9A13-DC3B34F7BF14}"
EndProject
Global
	GlobalSection(SolutionConfigurationPlatforms) = preSolution
		Debug|Any CPU = Debug|Any CPU
		Release|Any CPU = Release|Any CPU
	EndGlobalSection
	GlobalSection(ProjectConfigurationPlatforms) = postSolution
		{CD9D3714-7963-4C74-A6D5-F9138E669A14}.Debug|Any CPU.ActiveCfg = Debug|Any CPU
		{CD9D3714-7963-4C74-A6D5-F9138E669A14}.Debug|Any CPU.Build.0 = Debug|Any CPU
		{CD9D3714-7963-4C74-A6D5-F9138E669A14}.Release|Any CPU.ActiveCfg = Release|Any CPU
		{CD9D3714-7963-4C74-A6D5-F9138E669A14}.Release|Any CPU.Build.0 = Release|Any CPU
		{D87719B2-7803-4973-9A13-DC3B34F7BF14}.Debug|Any CPU.ActiveCfg = Debug|Any CPU
		{D87719B2-7803-4973-9A13-DC3B34F7BF14}.Debug|Any CPU.Build.0 = Debug|Any CPU
		{D87719B2-7803-4973-9A13-DC3B34F7BF14}.Release|Any CPU.ActiveCfg = Release|Any CPU
		{D87719B2-7803-4973-9A13-DC3B34F7BF14}.Release|Any CPU.Build.0 = Release|Any CPU
	EndGlobalSection
	GlobalSection(SolutionProperties) = preSolution
		HideSolutionNode = FALSE
	EndGlobalSection
	GlobalSection(ExtensibilityGlobals) = postSolution
		SolutionGuid = {E5198F1F-1260-477B-AAC2-33A4082BC5C6}
	EndGlobalSection
EndGlobal
